
Microsoft Visual Studio Solution File, Format Version 12.00
Project("{FAE04EC0-301F-11D3-BF4B-00C04F79EFBC}") = "CSharpStandaloneUtilities", "CSharpStandaloneUtilities.csproj", "{3D865482-0DC8-4971-97A5-E6B489F4D7F0}"
EndProject
Global
	GlobalSection(SolutionConfigurationPlatforms) = preSolution
		Debug|Any CPU = Debug|Any CPU
		Release|Any CPU = Release|Any CPU
	EndGlobalSection
	GlobalSection(ProjectConfigurationPlatforms) = postSolution
		{3D865482-0DC8-4971-97A5-E6B489F4D7F0}.Debug|Any CPU.ActiveCfg = Debug|Any CPU
		{3D865482-0DC8-4971-97A5-E6B489F4D7F0}.Debug|Any CPU.Build.0 = Debug|Any CPU
		{3D865482-0DC8-4971-97A5-E6B489F4D7F0}.Release|Any CPU.ActiveCfg = Release|Any CPU
		{3D865482-0DC8-4971-97A5-E6B489F4D7F0}.Release|Any CPU.Build.0 = Release|Any CPU
	EndGlobalSection
EndGlobal
